// !$*UTF8*$!
{
	archiveVersion = 1;
	classes = {
	};
	objectVersion = 56;
	objects = {

/* Begin PBXBuildFile section */
		ED14336C290CFD8F00341CD8 /* MainTabBarController.swift in Sources */ = {isa = PBXBuildFile; fileRef = ED14336B290CFD8F00341CD8 /* MainTabBarController.swift */; };
		ED143372290CFF5300341CD8 /* AdvertViewController.swift in Sources */ = {isa = PBXBuildFile; fileRef = ED143370290CFF5300341CD8 /* AdvertViewController.swift */; };
		ED143373290CFF5300341CD8 /* AdvertViewController.xib in Resources */ = {isa = PBXBuildFile; fileRef = ED143371290CFF5300341CD8 /* AdvertViewController.xib */; };
		ED143376290CFF6200341CD8 /* CameraViewController.swift in Sources */ = {isa = PBXBuildFile; fileRef = ED143374290CFF6200341CD8 /* CameraViewController.swift */; };
		ED143377290CFF6200341CD8 /* CameraViewController.xib in Resources */ = {isa = PBXBuildFile; fileRef = ED143375290CFF6200341CD8 /* CameraViewController.xib */; };
		ED14337A290CFF7000341CD8 /* ProfileViewController.swift in Sources */ = {isa = PBXBuildFile; fileRef = ED143378290CFF7000341CD8 /* ProfileViewController.swift */; };
		ED14337B290CFF7000341CD8 /* ProfileViewController.xib in Resources */ = {isa = PBXBuildFile; fileRef = ED143379290CFF7000341CD8 /* ProfileViewController.xib */; };
		ED1433A8290D09E500341CD8 /* CeksatAPI.framework in Frameworks */ = {isa = PBXBuildFile; fileRef = ED1433A7290D09E500341CD8 /* CeksatAPI.framework */; };
		ED1433A9290D09E500341CD8 /* CeksatAPI.framework in Embed Frameworks */ = {isa = PBXBuildFile; fileRef = ED1433A7290D09E500341CD8 /* CeksatAPI.framework */; settings = {ATTRIBUTES = (CodeSignOnCopy, RemoveHeadersOnCopy, ); }; };
		ED1433AF290D0AFE00341CD8 /* Product.swift in Sources */ = {isa = PBXBuildFile; fileRef = ED1433AE290D0AFE00341CD8 /* Product.swift */; };
		ED1433B2290D0BCA00341CD8 /* AdvertViewModel.swift in Sources */ = {isa = PBXBuildFile; fileRef = ED1433B1290D0BCA00341CD8 /* AdvertViewModel.swift */; };
		ED1433BA290D1DEB00341CD8 /* AdvertViewController+UITableViewDelegate.swift in Sources */ = {isa = PBXBuildFile; fileRef = ED1433B9290D1DEA00341CD8 /* AdvertViewController+UITableViewDelegate.swift */; };
		ED1433BC290D1E0F00341CD8 /* AdvertViewController+UITableViewDataSource.swift in Sources */ = {isa = PBXBuildFile; fileRef = ED1433BB290D1E0F00341CD8 /* AdvertViewController+UITableViewDataSource.swift */; };
		ED1433C1290D28EA00341CD8 /* InitialViewModel.swift in Sources */ = {isa = PBXBuildFile; fileRef = ED1433C0290D28EA00341CD8 /* InitialViewModel.swift */; };
		ED1433C4290D298200341CD8 /* RealmReacheable.swift in Sources */ = {isa = PBXBuildFile; fileRef = ED1433C3290D298200341CD8 /* RealmReacheable.swift */; };
		ED1433C7290D2A4D00341CD8 /* ProductEntity.swift in Sources */ = {isa = PBXBuildFile; fileRef = ED1433C6290D2A4D00341CD8 /* ProductEntity.swift */; };
		ED1433C9290D2AFF00341CD8 /* RatingEntity.swift in Sources */ = {isa = PBXBuildFile; fileRef = ED1433C8290D2AFF00341CD8 /* RatingEntity.swift */; };
		ED1829892903C3AE00127CA4 /* AppDelegate.swift in Sources */ = {isa = PBXBuildFile; fileRef = ED1829882903C3AE00127CA4 /* AppDelegate.swift */; };
		ED18298B2903C3AE00127CA4 /* SceneDelegate.swift in Sources */ = {isa = PBXBuildFile; fileRef = ED18298A2903C3AE00127CA4 /* SceneDelegate.swift */; };
		ED18298D2903C3AE00127CA4 /* InitialViewController.swift in Sources */ = {isa = PBXBuildFile; fileRef = ED18298C2903C3AE00127CA4 /* InitialViewController.swift */; };
		ED1829902903C3AE00127CA4 /* Main.storyboard in Resources */ = {isa = PBXBuildFile; fileRef = ED18298E2903C3AE00127CA4 /* Main.storyboard */; };
		ED1829922903C3AF00127CA4 /* Assets.xcassets in Resources */ = {isa = PBXBuildFile; fileRef = ED1829912903C3AF00127CA4 /* Assets.xcassets */; };
		ED1829952903C3AF00127CA4 /* LaunchScreen.storyboard in Resources */ = {isa = PBXBuildFile; fileRef = ED1829932903C3AF00127CA4 /* LaunchScreen.storyboard */; };
		ED1829A02903C3AF00127CA4 /* CeksatTests.swift in Sources */ = {isa = PBXBuildFile; fileRef = ED18299F2903C3AF00127CA4 /* CeksatTests.swift */; };
		ED1829AA2903C3AF00127CA4 /* CeksatUITests.swift in Sources */ = {isa = PBXBuildFile; fileRef = ED1829A92903C3AF00127CA4 /* CeksatUITests.swift */; };
		ED1829AC2903C3AF00127CA4 /* CeksatUITestsLaunchTests.swift in Sources */ = {isa = PBXBuildFile; fileRef = ED1829AB2903C3AF00127CA4 /* CeksatUITestsLaunchTests.swift */; };
		ED1829BF2903CD4C00127CA4 /* OnboardingViewController.swift in Sources */ = {isa = PBXBuildFile; fileRef = ED1829BD2903CD4C00127CA4 /* OnboardingViewController.swift */; };
		ED4576452903FE3E00ED4E61 /* SnapKit in Frameworks */ = {isa = PBXBuildFile; productRef = ED4576442903FE3E00ED4E61 /* SnapKit */; };
		ED8ED9A82903F5D5005EE518 /* AuthViewController.xib in Resources */ = {isa = PBXBuildFile; fileRef = ED8ED9A72903F5D5005EE518 /* AuthViewController.xib */; };
		ED8ED9AD2903F68A005EE518 /* SignInView.swift in Sources */ = {isa = PBXBuildFile; fileRef = ED8ED9AC2903F68A005EE518 /* SignInView.swift */; };
		ED8ED9AF2903F698005EE518 /* SignUpView.swift in Sources */ = {isa = PBXBuildFile; fileRef = ED8ED9AE2903F698005EE518 /* SignUpView.swift */; };
		ED8ED9B12903F6A3005EE518 /* SignUpView.xib in Resources */ = {isa = PBXBuildFile; fileRef = ED8ED9B02903F6A3005EE518 /* SignUpView.xib */; };
		ED8ED9B32903F6AD005EE518 /* SignInView.xib in Resources */ = {isa = PBXBuildFile; fileRef = ED8ED9B22903F6AD005EE518 /* SignInView.xib */; };
		ED8ED9B62903F701005EE518 /* CSView.swift in Sources */ = {isa = PBXBuildFile; fileRef = ED8ED9B52903F701005EE518 /* CSView.swift */; };
		ED8ED9B92903F844005EE518 /* CSTextView.swift in Sources */ = {isa = PBXBuildFile; fileRef = ED8ED9B82903F843005EE518 /* CSTextView.swift */; };
		ED8ED9BC2903F85E005EE518 /* CSTextView.xib in Resources */ = {isa = PBXBuildFile; fileRef = ED8ED9BB2903F85E005EE518 /* CSTextView.xib */; };
		EDD8CFF02903CD7100A84A5D /* OnboardingViewController.xib in Resources */ = {isa = PBXBuildFile; fileRef = EDD8CFEF2903CD7100A84A5D /* OnboardingViewController.xib */; };
		EDD8CFF32903D13000A84A5D /* OnboardingView.swift in Sources */ = {isa = PBXBuildFile; fileRef = EDD8CFF22903D13000A84A5D /* OnboardingView.swift */; };
		EDD8CFF62903D14700A84A5D /* OnboardingView.xib in Resources */ = {isa = PBXBuildFile; fileRef = EDD8CFF52903D14700A84A5D /* OnboardingView.xib */; };
		EDD8CFFA2903F5B700A84A5D /* AuthViewController.swift in Sources */ = {isa = PBXBuildFile; fileRef = EDD8CFF82903F5B700A84A5D /* AuthViewController.swift */; };
		EDD95D2429051F8B00308FA4 /* IQKeyboardManagerSwift in Frameworks */ = {isa = PBXBuildFile; productRef = EDD95D2329051F8B00308FA4 /* IQKeyboardManagerSwift */; };
		EDD95D272905317B00308FA4 /* RealmSwift in Frameworks */ = {isa = PBXBuildFile; productRef = EDD95D262905317B00308FA4 /* RealmSwift */; };
		EDD95D2A2905325800308FA4 /* User.swift in Sources */ = {isa = PBXBuildFile; fileRef = EDD95D292905325800308FA4 /* User.swift */; };
		EDD95D2D290534A500308FA4 /* AuthViewModel.swift in Sources */ = {isa = PBXBuildFile; fileRef = EDD95D2C290534A500308FA4 /* AuthViewModel.swift */; };
/* End PBXBuildFile section */

/* Begin PBXContainerItemProxy section */
		ED18299C2903C3AF00127CA4 /* PBXContainerItemProxy */ = {
			isa = PBXContainerItemProxy;
			containerPortal = ED18297D2903C3AE00127CA4 /* Project object */;
			proxyType = 1;
			remoteGlobalIDString = ED1829842903C3AE00127CA4;
			remoteInfo = Ceksat;
		};
		ED1829A62903C3AF00127CA4 /* PBXContainerItemProxy */ = {
			isa = PBXContainerItemProxy;
			containerPortal = ED18297D2903C3AE00127CA4 /* Project object */;
			proxyType = 1;
			remoteGlobalIDString = ED1829842903C3AE00127CA4;
			remoteInfo = Ceksat;
		};
/* End PBXContainerItemProxy section */

/* Begin PBXCopyFilesBuildPhase section */
		ED1433AA290D09E500341CD8 /* Embed Frameworks */ = {
			isa = PBXCopyFilesBuildPhase;
			buildActionMask = 2147483647;
			dstPath = "";
			dstSubfolderSpec = 10;
			files = (
				ED1433A9290D09E500341CD8 /* CeksatAPI.framework in Embed Frameworks */,
			);
			name = "Embed Frameworks";
			runOnlyForDeploymentPostprocessing = 0;
		};
/* End PBXCopyFilesBuildPhase section */

/* Begin PBXFileReference section */
		ED14336B290CFD8F00341CD8 /* MainTabBarController.swift */ = {isa = PBXFileReference; lastKnownFileType = sourcecode.swift; path = MainTabBarController.swift; sourceTree = "<group>"; };
		ED143370290CFF5300341CD8 /* AdvertViewController.swift */ = {isa = PBXFileReference; lastKnownFileType = sourcecode.swift; path = AdvertViewController.swift; sourceTree = "<group>"; };
		ED143371290CFF5300341CD8 /* AdvertViewController.xib */ = {isa = PBXFileReference; lastKnownFileType = file.xib; path = AdvertViewController.xib; sourceTree = "<group>"; };
		ED143374290CFF6200341CD8 /* CameraViewController.swift */ = {isa = PBXFileReference; lastKnownFileType = sourcecode.swift; path = CameraViewController.swift; sourceTree = "<group>"; };
		ED143375290CFF6200341CD8 /* CameraViewController.xib */ = {isa = PBXFileReference; lastKnownFileType = file.xib; path = CameraViewController.xib; sourceTree = "<group>"; };
		ED143378290CFF7000341CD8 /* ProfileViewController.swift */ = {isa = PBXFileReference; lastKnownFileType = sourcecode.swift; path = ProfileViewController.swift; sourceTree = "<group>"; };
		ED143379290CFF7000341CD8 /* ProfileViewController.xib */ = {isa = PBXFileReference; lastKnownFileType = file.xib; path = ProfileViewController.xib; sourceTree = "<group>"; };
		ED1433A7290D09E500341CD8 /* CeksatAPI.framework */ = {isa = PBXFileReference; explicitFileType = wrapper.framework; path = CeksatAPI.framework; sourceTree = BUILT_PRODUCTS_DIR; };
		ED1433AE290D0AFE00341CD8 /* Product.swift */ = {isa = PBXFileReference; lastKnownFileType = sourcecode.swift; path = Product.swift; sourceTree = "<group>"; };
		ED1433B1290D0BCA00341CD8 /* AdvertViewModel.swift */ = {isa = PBXFileReference; lastKnownFileType = sourcecode.swift; path = AdvertViewModel.swift; sourceTree = "<group>"; };
		ED1433B9290D1DEA00341CD8 /* AdvertViewController+UITableViewDelegate.swift */ = {isa = PBXFileReference; lastKnownFileType = sourcecode.swift; path = "AdvertViewController+UITableViewDelegate.swift"; sourceTree = "<group>"; };
		ED1433BB290D1E0F00341CD8 /* AdvertViewController+UITableViewDataSource.swift */ = {isa = PBXFileReference; lastKnownFileType = sourcecode.swift; path = "AdvertViewController+UITableViewDataSource.swift"; sourceTree = "<group>"; };
		ED1433C0290D28EA00341CD8 /* InitialViewModel.swift */ = {isa = PBXFileReference; lastKnownFileType = sourcecode.swift; path = InitialViewModel.swift; sourceTree = "<group>"; };
		ED1433C3290D298200341CD8 /* RealmReacheable.swift */ = {isa = PBXFileReference; lastKnownFileType = sourcecode.swift; path = RealmReacheable.swift; sourceTree = "<group>"; };
		ED1433C6290D2A4D00341CD8 /* ProductEntity.swift */ = {isa = PBXFileReference; lastKnownFileType = sourcecode.swift; path = ProductEntity.swift; sourceTree = "<group>"; };
		ED1433C8290D2AFF00341CD8 /* RatingEntity.swift */ = {isa = PBXFileReference; lastKnownFileType = sourcecode.swift; path = RatingEntity.swift; sourceTree = "<group>"; };
		ED1829852903C3AE00127CA4 /* Ceksat.app */ = {isa = PBXFileReference; explicitFileType = wrapper.application; includeInIndex = 0; path = Ceksat.app; sourceTree = BUILT_PRODUCTS_DIR; };
		ED1829882903C3AE00127CA4 /* AppDelegate.swift */ = {isa = PBXFileReference; lastKnownFileType = sourcecode.swift; path = AppDelegate.swift; sourceTree = "<group>"; };
		ED18298A2903C3AE00127CA4 /* SceneDelegate.swift */ = {isa = PBXFileReference; lastKnownFileType = sourcecode.swift; path = SceneDelegate.swift; sourceTree = "<group>"; };
		ED18298C2903C3AE00127CA4 /* InitialViewController.swift */ = {isa = PBXFileReference; lastKnownFileType = sourcecode.swift; path = InitialViewController.swift; sourceTree = "<group>"; };
		ED18298F2903C3AE00127CA4 /* Base */ = {isa = PBXFileReference; lastKnownFileType = file.storyboard; name = Base; path = Base.lproj/Main.storyboard; sourceTree = "<group>"; };
		ED1829912903C3AF00127CA4 /* Assets.xcassets */ = {isa = PBXFileReference; lastKnownFileType = folder.assetcatalog; path = Assets.xcassets; sourceTree = "<group>"; };
		ED1829942903C3AF00127CA4 /* Base */ = {isa = PBXFileReference; lastKnownFileType = file.storyboard; name = Base; path = Base.lproj/LaunchScreen.storyboard; sourceTree = "<group>"; };
		ED1829962903C3AF00127CA4 /* Info.plist */ = {isa = PBXFileReference; lastKnownFileType = text.plist.xml; path = Info.plist; sourceTree = "<group>"; };
		ED18299B2903C3AF00127CA4 /* CeksatTests.xctest */ = {isa = PBXFileReference; explicitFileType = wrapper.cfbundle; includeInIndex = 0; path = CeksatTests.xctest; sourceTree = BUILT_PRODUCTS_DIR; };
		ED18299F2903C3AF00127CA4 /* CeksatTests.swift */ = {isa = PBXFileReference; lastKnownFileType = sourcecode.swift; path = CeksatTests.swift; sourceTree = "<group>"; };
		ED1829A52903C3AF00127CA4 /* CeksatUITests.xctest */ = {isa = PBXFileReference; explicitFileType = wrapper.cfbundle; includeInIndex = 0; path = CeksatUITests.xctest; sourceTree = BUILT_PRODUCTS_DIR; };
		ED1829A92903C3AF00127CA4 /* CeksatUITests.swift */ = {isa = PBXFileReference; lastKnownFileType = sourcecode.swift; path = CeksatUITests.swift; sourceTree = "<group>"; };
		ED1829AB2903C3AF00127CA4 /* CeksatUITestsLaunchTests.swift */ = {isa = PBXFileReference; lastKnownFileType = sourcecode.swift; path = CeksatUITestsLaunchTests.swift; sourceTree = "<group>"; };
		ED1829BD2903CD4C00127CA4 /* OnboardingViewController.swift */ = {isa = PBXFileReference; lastKnownFileType = sourcecode.swift; path = OnboardingViewController.swift; sourceTree = "<group>"; };
		ED8ED9A72903F5D5005EE518 /* AuthViewController.xib */ = {isa = PBXFileReference; fileEncoding = 4; lastKnownFileType = file.xib; path = AuthViewController.xib; sourceTree = "<group>"; };
		ED8ED9AC2903F68A005EE518 /* SignInView.swift */ = {isa = PBXFileReference; lastKnownFileType = sourcecode.swift; path = SignInView.swift; sourceTree = "<group>"; };
		ED8ED9AE2903F698005EE518 /* SignUpView.swift */ = {isa = PBXFileReference; lastKnownFileType = sourcecode.swift; path = SignUpView.swift; sourceTree = "<group>"; };
		ED8ED9B02903F6A3005EE518 /* SignUpView.xib */ = {isa = PBXFileReference; lastKnownFileType = file.xib; path = SignUpView.xib; sourceTree = "<group>"; };
		ED8ED9B22903F6AD005EE518 /* SignInView.xib */ = {isa = PBXFileReference; lastKnownFileType = file.xib; path = SignInView.xib; sourceTree = "<group>"; };
		ED8ED9B52903F701005EE518 /* CSView.swift */ = {isa = PBXFileReference; lastKnownFileType = sourcecode.swift; path = CSView.swift; sourceTree = "<group>"; };
		ED8ED9B82903F843005EE518 /* CSTextView.swift */ = {isa = PBXFileReference; lastKnownFileType = sourcecode.swift; path = CSTextView.swift; sourceTree = "<group>"; };
		ED8ED9BB2903F85E005EE518 /* CSTextView.xib */ = {isa = PBXFileReference; lastKnownFileType = file.xib; path = CSTextView.xib; sourceTree = "<group>"; };
		EDD8CFEF2903CD7100A84A5D /* OnboardingViewController.xib */ = {isa = PBXFileReference; fileEncoding = 4; lastKnownFileType = file.xib; path = OnboardingViewController.xib; sourceTree = "<group>"; };
		EDD8CFF22903D13000A84A5D /* OnboardingView.swift */ = {isa = PBXFileReference; lastKnownFileType = sourcecode.swift; path = OnboardingView.swift; sourceTree = "<group>"; };
		EDD8CFF52903D14700A84A5D /* OnboardingView.xib */ = {isa = PBXFileReference; lastKnownFileType = file.xib; path = OnboardingView.xib; sourceTree = "<group>"; };
		EDD8CFF82903F5B700A84A5D /* AuthViewController.swift */ = {isa = PBXFileReference; lastKnownFileType = sourcecode.swift; path = AuthViewController.swift; sourceTree = "<group>"; };
		EDD95D292905325800308FA4 /* User.swift */ = {isa = PBXFileReference; lastKnownFileType = sourcecode.swift; path = User.swift; sourceTree = "<group>"; };
		EDD95D2C290534A500308FA4 /* AuthViewModel.swift */ = {isa = PBXFileReference; lastKnownFileType = sourcecode.swift; path = AuthViewModel.swift; sourceTree = "<group>"; };
/* End PBXFileReference section */

/* Begin PBXFrameworksBuildPhase section */
		ED1829822903C3AE00127CA4 /* Frameworks */ = {
			isa = PBXFrameworksBuildPhase;
			buildActionMask = 2147483647;
			files = (
				ED1433A8290D09E500341CD8 /* CeksatAPI.framework in Frameworks */,
				EDD95D272905317B00308FA4 /* RealmSwift in Frameworks */,
				ED4576452903FE3E00ED4E61 /* SnapKit in Frameworks */,
				EDD95D2429051F8B00308FA4 /* IQKeyboardManagerSwift in Frameworks */,
			);
			runOnlyForDeploymentPostprocessing = 0;
		};
		ED1829982903C3AF00127CA4 /* Frameworks */ = {
			isa = PBXFrameworksBuildPhase;
			buildActionMask = 2147483647;
			files = (
			);
			runOnlyForDeploymentPostprocessing = 0;
		};
		ED1829A22903C3AF00127CA4 /* Frameworks */ = {
			isa = PBXFrameworksBuildPhase;
			buildActionMask = 2147483647;
			files = (
			);
			runOnlyForDeploymentPostprocessing = 0;
		};
/* End PBXFrameworksBuildPhase section */

/* Begin PBXGroup section */
		ED143369290CFCF700341CD8 /* Main */ = {
			isa = PBXGroup;
			children = (
				ED14336A290CFD2300341CD8 /* Controller */,
			);
			path = Main;
			sourceTree = "<group>";
		};
		ED14336A290CFD2300341CD8 /* Controller */ = {
			isa = PBXGroup;
			children = (
				ED14336B290CFD8F00341CD8 /* MainTabBarController.swift */,
			);
			path = Controller;
			sourceTree = "<group>";
		};
		ED14336D290CFEE200341CD8 /* Adverts */ = {
			isa = PBXGroup;
			children = (
				ED1433B0290D0BBA00341CD8 /* ViewModel */,
				ED1433AD290D0ADD00341CD8 /* Model */,
				ED1433AC290D0AD700341CD8 /* Controller */,
				ED1433AB290D0ACF00341CD8 /* View */,
			);
			path = Adverts;
			sourceTree = "<group>";
		};
		ED14336E290CFF0800341CD8 /* Camera */ = {
			isa = PBXGroup;
			children = (
				ED143374290CFF6200341CD8 /* CameraViewController.swift */,
				ED143375290CFF6200341CD8 /* CameraViewController.xib */,
			);
			path = Camera;
			sourceTree = "<group>";
		};
		ED14336F290CFF1100341CD8 /* Profile */ = {
			isa = PBXGroup;
			children = (
				ED143378290CFF7000341CD8 /* ProfileViewController.swift */,
				ED143379290CFF7000341CD8 /* ProfileViewController.xib */,
			);
			path = Profile;
			sourceTree = "<group>";
		};
		ED1433A6290D09E500341CD8 /* Frameworks */ = {
			isa = PBXGroup;
			children = (
				ED1433A7290D09E500341CD8 /* CeksatAPI.framework */,
			);
			name = Frameworks;
			sourceTree = "<group>";
		};
		ED1433AB290D0ACF00341CD8 /* View */ = {
			isa = PBXGroup;
			children = (
				ED143371290CFF5300341CD8 /* AdvertViewController.xib */,
			);
			path = View;
			sourceTree = "<group>";
		};
		ED1433AC290D0AD700341CD8 /* Controller */ = {
			isa = PBXGroup;
			children = (
				ED143370290CFF5300341CD8 /* AdvertViewController.swift */,
				ED1433B9290D1DEA00341CD8 /* AdvertViewController+UITableViewDelegate.swift */,
				ED1433BB290D1E0F00341CD8 /* AdvertViewController+UITableViewDataSource.swift */,
			);
			path = Controller;
			sourceTree = "<group>";
		};
		ED1433AD290D0ADD00341CD8 /* Model */ = {
			isa = PBXGroup;
			children = (
				ED1433AE290D0AFE00341CD8 /* Product.swift */,
			);
			name = Model;
			path = ../../../../CeksatAPI/CeksatAPI/Model;
			sourceTree = "<group>";
		};
		ED1433B0290D0BBA00341CD8 /* ViewModel */ = {
			isa = PBXGroup;
			children = (
				ED1433B1290D0BCA00341CD8 /* AdvertViewModel.swift */,
			);
			path = ViewModel;
			sourceTree = "<group>";
		};
		ED1433BD290D28AA00341CD8 /* Controller */ = {
			isa = PBXGroup;
			children = (
				ED18298C2903C3AE00127CA4 /* InitialViewController.swift */,
			);
			path = Controller;
			sourceTree = "<group>";
		};
		ED1433BE290D28C200341CD8 /* View */ = {
			isa = PBXGroup;
			children = (
				ED18298E2903C3AE00127CA4 /* Main.storyboard */,
			);
			path = View;
			sourceTree = "<group>";
		};
		ED1433BF290D28C900341CD8 /* ViewModel */ = {
			isa = PBXGroup;
			children = (
				ED1433C0290D28EA00341CD8 /* InitialViewModel.swift */,
			);
			path = ViewModel;
			sourceTree = "<group>";
		};
		ED1433C2290D296900341CD8 /* Protocols */ = {
			isa = PBXGroup;
			children = (
				ED1433C3290D298200341CD8 /* RealmReacheable.swift */,
			);
			path = Protocols;
			sourceTree = "<group>";
		};
		ED1433C5290D2A3000341CD8 /* Model */ = {
			isa = PBXGroup;
			children = (
				ED1433C6290D2A4D00341CD8 /* ProductEntity.swift */,
				ED1433C8290D2AFF00341CD8 /* RatingEntity.swift */,
			);
			path = Model;
			sourceTree = "<group>";
		};
		ED18297C2903C3AE00127CA4 = {
			isa = PBXGroup;
			children = (
				ED1829872903C3AE00127CA4 /* Ceksat */,
				ED18299E2903C3AF00127CA4 /* CeksatTests */,
				ED1829A82903C3AF00127CA4 /* CeksatUITests */,
				ED1829862903C3AE00127CA4 /* Products */,
				ED1433A6290D09E500341CD8 /* Frameworks */,
			);
			sourceTree = "<group>";
		};
		ED1829862903C3AE00127CA4 /* Products */ = {
			isa = PBXGroup;
			children = (
				ED1829852903C3AE00127CA4 /* Ceksat.app */,
				ED18299B2903C3AF00127CA4 /* CeksatTests.xctest */,
				ED1829A52903C3AF00127CA4 /* CeksatUITests.xctest */,
			);
			name = Products;
			sourceTree = "<group>";
		};
		ED1829872903C3AE00127CA4 /* Ceksat */ = {
			isa = PBXGroup;
			children = (
				ED1829B82903C42F00127CA4 /* App */,
				ED1829B92903C43E00127CA4 /* Screens */,
			);
			path = Ceksat;
			sourceTree = "<group>";
		};
		ED18299E2903C3AF00127CA4 /* CeksatTests */ = {
			isa = PBXGroup;
			children = (
				ED18299F2903C3AF00127CA4 /* CeksatTests.swift */,
			);
			path = CeksatTests;
			sourceTree = "<group>";
		};
		ED1829A82903C3AF00127CA4 /* CeksatUITests */ = {
			isa = PBXGroup;
			children = (
				ED1829A92903C3AF00127CA4 /* CeksatUITests.swift */,
				ED1829AB2903C3AF00127CA4 /* CeksatUITestsLaunchTests.swift */,
			);
			path = CeksatUITests;
			sourceTree = "<group>";
		};
		ED1829B82903C42F00127CA4 /* App */ = {
			isa = PBXGroup;
			children = (
				ED8ED9B72903F704005EE518 /* Core */,
				ED1829882903C3AE00127CA4 /* AppDelegate.swift */,
				ED18298A2903C3AE00127CA4 /* SceneDelegate.swift */,
				ED1829912903C3AF00127CA4 /* Assets.xcassets */,
				ED1829932903C3AF00127CA4 /* LaunchScreen.storyboard */,
				ED1829962903C3AF00127CA4 /* Info.plist */,
			);
			path = App;
			sourceTree = "<group>";
		};
		ED1829B92903C43E00127CA4 /* Screens */ = {
			isa = PBXGroup;
			children = (
				ED14336F290CFF1100341CD8 /* Profile */,
				ED14336E290CFF0800341CD8 /* Camera */,
				ED14336D290CFEE200341CD8 /* Adverts */,
				ED143369290CFCF700341CD8 /* Main */,
				EDD8CFF72903F5A300A84A5D /* Auth */,
				ED1829BB2903CCFE00127CA4 /* Onboarding */,
				ED1829BA2903C44700127CA4 /* Initial */,
			);
			path = Screens;
			sourceTree = "<group>";
		};
		ED1829BA2903C44700127CA4 /* Initial */ = {
			isa = PBXGroup;
			children = (
				ED1433C5290D2A3000341CD8 /* Model */,
				ED1433BF290D28C900341CD8 /* ViewModel */,
				ED1433BE290D28C200341CD8 /* View */,
				ED1433BD290D28AA00341CD8 /* Controller */,
			);
			path = Initial;
			sourceTree = "<group>";
		};
		ED1829BB2903CCFE00127CA4 /* Onboarding */ = {
			isa = PBXGroup;
			children = (
				EDD8CFF12903CD7700A84A5D /* Controller */,
				ED1829BC2903CD0900127CA4 /* View */,
			);
			path = Onboarding;
			sourceTree = "<group>";
		};
		ED1829BC2903CD0900127CA4 /* View */ = {
			isa = PBXGroup;
			children = (
				EDD8CFF42903D13400A84A5D /* Onboarding */,
				EDD8CFEF2903CD7100A84A5D /* OnboardingViewController.xib */,
			);
			path = View;
			sourceTree = "<group>";
		};
		ED8ED9AA2903F66F005EE518 /* SignIn */ = {
			isa = PBXGroup;
			children = (
				ED8ED9AC2903F68A005EE518 /* SignInView.swift */,
				ED8ED9B22903F6AD005EE518 /* SignInView.xib */,
			);
			path = SignIn;
			sourceTree = "<group>";
		};
		ED8ED9AB2903F674005EE518 /* SignUp */ = {
			isa = PBXGroup;
			children = (
				ED8ED9AE2903F698005EE518 /* SignUpView.swift */,
				ED8ED9B02903F6A3005EE518 /* SignUpView.xib */,
			);
			path = SignUp;
			sourceTree = "<group>";
		};
		ED8ED9B42903F6E9005EE518 /* CSKit */ = {
			isa = PBXGroup;
			children = (
				ED8ED9BA2903F84E005EE518 /* CSTextView */,
				ED8ED9B52903F701005EE518 /* CSView.swift */,
			);
			path = CSKit;
			sourceTree = "<group>";
		};
		ED8ED9B72903F704005EE518 /* Core */ = {
			isa = PBXGroup;
			children = (
				ED1433C2290D296900341CD8 /* Protocols */,
				ED8ED9B42903F6E9005EE518 /* CSKit */,
			);
			path = Core;
			sourceTree = "<group>";
		};
		ED8ED9BA2903F84E005EE518 /* CSTextView */ = {
			isa = PBXGroup;
			children = (
				ED8ED9B82903F843005EE518 /* CSTextView.swift */,
				ED8ED9BB2903F85E005EE518 /* CSTextView.xib */,
			);
			path = CSTextView;
			sourceTree = "<group>";
		};
		EDD8CFF12903CD7700A84A5D /* Controller */ = {
			isa = PBXGroup;
			children = (
				ED1829BD2903CD4C00127CA4 /* OnboardingViewController.swift */,
			);
			path = Controller;
			sourceTree = "<group>";
		};
		EDD8CFF42903D13400A84A5D /* Onboarding */ = {
			isa = PBXGroup;
			children = (
				EDD8CFF22903D13000A84A5D /* OnboardingView.swift */,
				EDD8CFF52903D14700A84A5D /* OnboardingView.xib */,
			);
			path = Onboarding;
			sourceTree = "<group>";
		};
		EDD8CFF72903F5A300A84A5D /* Auth */ = {
			isa = PBXGroup;
			children = (
				EDD95D282905323300308FA4 /* Model */,
				EDD95D2B2905349000308FA4 /* ViewModel */,
				EDD8CFFC2903F5BB00A84A5D /* View */,
			);
			path = Auth;
			sourceTree = "<group>";
		};
		EDD8CFFC2903F5BB00A84A5D /* View */ = {
			isa = PBXGroup;
			children = (
				ED8ED9AB2903F674005EE518 /* SignUp */,
				ED8ED9AA2903F66F005EE518 /* SignIn */,
				ED8ED9A72903F5D5005EE518 /* AuthViewController.xib */,
				EDD8CFF82903F5B700A84A5D /* AuthViewController.swift */,
			);
			path = View;
			sourceTree = "<group>";
		};
		EDD95D282905323300308FA4 /* Model */ = {
			isa = PBXGroup;
			children = (
				EDD95D292905325800308FA4 /* User.swift */,
			);
			path = Model;
			sourceTree = "<group>";
		};
		EDD95D2B2905349000308FA4 /* ViewModel */ = {
			isa = PBXGroup;
			children = (
				EDD95D2C290534A500308FA4 /* AuthViewModel.swift */,
			);
			path = ViewModel;
			sourceTree = "<group>";
		};
/* End PBXGroup section */

/* Begin PBXNativeTarget section */
		ED1829842903C3AE00127CA4 /* Ceksat */ = {
			isa = PBXNativeTarget;
			buildConfigurationList = ED1829AF2903C3AF00127CA4 /* Build configuration list for PBXNativeTarget "Ceksat" */;
			buildPhases = (
				ED1829812903C3AE00127CA4 /* Sources */,
				ED1829822903C3AE00127CA4 /* Frameworks */,
				ED1829832903C3AE00127CA4 /* Resources */,
				ED1433AA290D09E500341CD8 /* Embed Frameworks */,
			);
			buildRules = (
			);
			dependencies = (
			);
			name = Ceksat;
			packageProductDependencies = (
				ED4576442903FE3E00ED4E61 /* SnapKit */,
				EDD95D2329051F8B00308FA4 /* IQKeyboardManagerSwift */,
				EDD95D262905317B00308FA4 /* RealmSwift */,
			);
			productName = Ceksat;
			productReference = ED1829852903C3AE00127CA4 /* Ceksat.app */;
			productType = "com.apple.product-type.application";
		};
		ED18299A2903C3AF00127CA4 /* CeksatTests */ = {
			isa = PBXNativeTarget;
			buildConfigurationList = ED1829B22903C3AF00127CA4 /* Build configuration list for PBXNativeTarget "CeksatTests" */;
			buildPhases = (
				ED1829972903C3AF00127CA4 /* Sources */,
				ED1829982903C3AF00127CA4 /* Frameworks */,
				ED1829992903C3AF00127CA4 /* Resources */,
			);
			buildRules = (
			);
			dependencies = (
				ED18299D2903C3AF00127CA4 /* PBXTargetDependency */,
			);
			name = CeksatTests;
			productName = CeksatTests;
			productReference = ED18299B2903C3AF00127CA4 /* CeksatTests.xctest */;
			productType = "com.apple.product-type.bundle.unit-test";
		};
		ED1829A42903C3AF00127CA4 /* CeksatUITests */ = {
			isa = PBXNativeTarget;
			buildConfigurationList = ED1829B52903C3AF00127CA4 /* Build configuration list for PBXNativeTarget "CeksatUITests" */;
			buildPhases = (
				ED1829A12903C3AF00127CA4 /* Sources */,
				ED1829A22903C3AF00127CA4 /* Frameworks */,
				ED1829A32903C3AF00127CA4 /* Resources */,
			);
			buildRules = (
			);
			dependencies = (
				ED1829A72903C3AF00127CA4 /* PBXTargetDependency */,
			);
			name = CeksatUITests;
			productName = CeksatUITests;
			productReference = ED1829A52903C3AF00127CA4 /* CeksatUITests.xctest */;
			productType = "com.apple.product-type.bundle.ui-testing";
		};
/* End PBXNativeTarget section */

/* Begin PBXProject section */
		ED18297D2903C3AE00127CA4 /* Project object */ = {
			isa = PBXProject;
			attributes = {
				BuildIndependentTargetsInParallel = 1;
				LastSwiftUpdateCheck = 1400;
				LastUpgradeCheck = 1400;
				TargetAttributes = {
					ED1829842903C3AE00127CA4 = {
						CreatedOnToolsVersion = 14.0.1;
					};
					ED18299A2903C3AF00127CA4 = {
						CreatedOnToolsVersion = 14.0.1;
						TestTargetID = ED1829842903C3AE00127CA4;
					};
					ED1829A42903C3AF00127CA4 = {
						CreatedOnToolsVersion = 14.0.1;
						TestTargetID = ED1829842903C3AE00127CA4;
					};
				};
			};
			buildConfigurationList = ED1829802903C3AE00127CA4 /* Build configuration list for PBXProject "Ceksat" */;
			compatibilityVersion = "Xcode 14.0";
			developmentRegion = en;
			hasScannedForEncodings = 0;
			knownRegions = (
				en,
				Base,
			);
			mainGroup = ED18297C2903C3AE00127CA4;
			packageReferences = (
				ED4576432903FE3D00ED4E61 /* XCRemoteSwiftPackageReference "SnapKit" */,
				EDD95D2229051F8B00308FA4 /* XCRemoteSwiftPackageReference "IQKeyboardManager" */,
				EDD95D252905317B00308FA4 /* XCRemoteSwiftPackageReference "realm-swift" */,
			);
			productRefGroup = ED1829862903C3AE00127CA4 /* Products */;
			projectDirPath = "";
			projectRoot = "";
			targets = (
				ED1829842903C3AE00127CA4 /* Ceksat */,
				ED18299A2903C3AF00127CA4 /* CeksatTests */,
				ED1829A42903C3AF00127CA4 /* CeksatUITests */,
			);
		};
/* End PBXProject section */

/* Begin PBXResourcesBuildPhase section */
		ED1829832903C3AE00127CA4 /* Resources */ = {
			isa = PBXResourcesBuildPhase;
			buildActionMask = 2147483647;
			files = (
				ED143373290CFF5300341CD8 /* AdvertViewController.xib in Resources */,
				ED1829952903C3AF00127CA4 /* LaunchScreen.storyboard in Resources */,
				ED1829922903C3AF00127CA4 /* Assets.xcassets in Resources */,
				ED8ED9B32903F6AD005EE518 /* SignInView.xib in Resources */,
				ED8ED9BC2903F85E005EE518 /* CSTextView.xib in Resources */,
				ED143377290CFF6200341CD8 /* CameraViewController.xib in Resources */,
				ED14337B290CFF7000341CD8 /* ProfileViewController.xib in Resources */,
				ED8ED9B12903F6A3005EE518 /* SignUpView.xib in Resources */,
				ED1829902903C3AE00127CA4 /* Main.storyboard in Resources */,
				EDD8CFF62903D14700A84A5D /* OnboardingView.xib in Resources */,
				ED8ED9A82903F5D5005EE518 /* AuthViewController.xib in Resources */,
				EDD8CFF02903CD7100A84A5D /* OnboardingViewController.xib in Resources */,
			);
			runOnlyForDeploymentPostprocessing = 0;
		};
		ED1829992903C3AF00127CA4 /* Resources */ = {
			isa = PBXResourcesBuildPhase;
			buildActionMask = 2147483647;
			files = (
			);
			runOnlyForDeploymentPostprocessing = 0;
		};
		ED1829A32903C3AF00127CA4 /* Resources */ = {
			isa = PBXResourcesBuildPhase;
			buildActionMask = 2147483647;
			files = (
			);
			runOnlyForDeploymentPostprocessing = 0;
		};
/* End PBXResourcesBuildPhase section */

/* Begin PBXSourcesBuildPhase section */
		ED1829812903C3AE00127CA4 /* Sources */ = {
			isa = PBXSourcesBuildPhase;
			buildActionMask = 2147483647;
			files = (
				ED1433B2290D0BCA00341CD8 /* AdvertViewModel.swift in Sources */,
				ED18298D2903C3AE00127CA4 /* InitialViewController.swift in Sources */,
				ED8ED9AD2903F68A005EE518 /* SignInView.swift in Sources */,
				ED1433BC290D1E0F00341CD8 /* AdvertViewController+UITableViewDataSource.swift in Sources */,
				ED1829892903C3AE00127CA4 /* AppDelegate.swift in Sources */,
				ED18298B2903C3AE00127CA4 /* SceneDelegate.swift in Sources */,
				ED8ED9AF2903F698005EE518 /* SignUpView.swift in Sources */,
				ED1433C9290D2AFF00341CD8 /* RatingEntity.swift in Sources */,
				ED1433C7290D2A4D00341CD8 /* ProductEntity.swift in Sources */,
				ED1433AF290D0AFE00341CD8 /* Product.swift in Sources */,
				ED1433C1290D28EA00341CD8 /* InitialViewModel.swift in Sources */,
				ED1433C4290D298200341CD8 /* RealmReacheable.swift in Sources */,
				ED1433BA290D1DEB00341CD8 /* AdvertViewController+UITableViewDelegate.swift in Sources */,
				EDD8CFF32903D13000A84A5D /* OnboardingView.swift in Sources */,
				ED14337A290CFF7000341CD8 /* ProfileViewController.swift in Sources */,
				EDD8CFFA2903F5B700A84A5D /* AuthViewController.swift in Sources */,
				ED14336C290CFD8F00341CD8 /* MainTabBarController.swift in Sources */,
				ED143372290CFF5300341CD8 /* AdvertViewController.swift in Sources */,
				ED8ED9B62903F701005EE518 /* CSView.swift in Sources */,
				EDD95D2D290534A500308FA4 /* AuthViewModel.swift in Sources */,
				ED143376290CFF6200341CD8 /* CameraViewController.swift in Sources */,
				ED1829BF2903CD4C00127CA4 /* OnboardingViewController.swift in Sources */,
				ED8ED9B92903F844005EE518 /* CSTextView.swift in Sources */,
				EDD95D2A2905325800308FA4 /* User.swift in Sources */,
			);
			runOnlyForDeploymentPostprocessing = 0;
		};
		ED1829972903C3AF00127CA4 /* Sources */ = {
			isa = PBXSourcesBuildPhase;
			buildActionMask = 2147483647;
			files = (
				ED1829A02903C3AF00127CA4 /* CeksatTests.swift in Sources */,
			);
			runOnlyForDeploymentPostprocessing = 0;
		};
		ED1829A12903C3AF00127CA4 /* Sources */ = {
			isa = PBXSourcesBuildPhase;
			buildActionMask = 2147483647;
			files = (
				ED1829AA2903C3AF00127CA4 /* CeksatUITests.swift in Sources */,
				ED1829AC2903C3AF00127CA4 /* CeksatUITestsLaunchTests.swift in Sources */,
			);
			runOnlyForDeploymentPostprocessing = 0;
		};
/* End PBXSourcesBuildPhase section */

/* Begin PBXTargetDependency section */
		ED18299D2903C3AF00127CA4 /* PBXTargetDependency */ = {
			isa = PBXTargetDependency;
			target = ED1829842903C3AE00127CA4 /* Ceksat */;
			targetProxy = ED18299C2903C3AF00127CA4 /* PBXContainerItemProxy */;
		};
		ED1829A72903C3AF00127CA4 /* PBXTargetDependency */ = {
			isa = PBXTargetDependency;
			target = ED1829842903C3AE00127CA4 /* Ceksat */;
			targetProxy = ED1829A62903C3AF00127CA4 /* PBXContainerItemProxy */;
		};
/* End PBXTargetDependency section */

/* Begin PBXVariantGroup section */
		ED18298E2903C3AE00127CA4 /* Main.storyboard */ = {
			isa = PBXVariantGroup;
			children = (
				ED18298F2903C3AE00127CA4 /* Base */,
			);
			name = Main.storyboard;
			sourceTree = "<group>";
		};
		ED1829932903C3AF00127CA4 /* LaunchScreen.storyboard */ = {
			isa = PBXVariantGroup;
			children = (
				ED1829942903C3AF00127CA4 /* Base */,
			);
			name = LaunchScreen.storyboard;
			sourceTree = "<group>";
		};
/* End PBXVariantGroup section */

/* Begin XCBuildConfiguration section */
		ED1829AD2903C3AF00127CA4 /* Debug */ = {
			isa = XCBuildConfiguration;
			buildSettings = {
				ALWAYS_SEARCH_USER_PATHS = NO;
				CLANG_ANALYZER_NONNULL = YES;
				CLANG_ANALYZER_NUMBER_OBJECT_CONVERSION = YES_AGGRESSIVE;
				CLANG_CXX_LANGUAGE_STANDARD = "gnu++20";
				CLANG_ENABLE_MODULES = YES;
				CLANG_ENABLE_OBJC_ARC = YES;
				CLANG_ENABLE_OBJC_WEAK = YES;
				CLANG_WARN_BLOCK_CAPTURE_AUTORELEASING = YES;
				CLANG_WARN_BOOL_CONVERSION = YES;
				CLANG_WARN_COMMA = YES;
				CLANG_WARN_CONSTANT_CONVERSION = YES;
				CLANG_WARN_DEPRECATED_OBJC_IMPLEMENTATIONS = YES;
				CLANG_WARN_DIRECT_OBJC_ISA_USAGE = YES_ERROR;
				CLANG_WARN_DOCUMENTATION_COMMENTS = YES;
				CLANG_WARN_EMPTY_BODY = YES;
				CLANG_WARN_ENUM_CONVERSION = YES;
				CLANG_WARN_INFINITE_RECURSION = YES;
				CLANG_WARN_INT_CONVERSION = YES;
				CLANG_WARN_NON_LITERAL_NULL_CONVERSION = YES;
				CLANG_WARN_OBJC_IMPLICIT_RETAIN_SELF = YES;
				CLANG_WARN_OBJC_LITERAL_CONVERSION = YES;
				CLANG_WARN_OBJC_ROOT_CLASS = YES_ERROR;
				CLANG_WARN_QUOTED_INCLUDE_IN_FRAMEWORK_HEADER = YES;
				CLANG_WARN_RANGE_LOOP_ANALYSIS = YES;
				CLANG_WARN_STRICT_PROTOTYPES = YES;
				CLANG_WARN_SUSPICIOUS_MOVE = YES;
				CLANG_WARN_UNGUARDED_AVAILABILITY = YES_AGGRESSIVE;
				CLANG_WARN_UNREACHABLE_CODE = YES;
				CLANG_WARN__DUPLICATE_METHOD_MATCH = YES;
				COPY_PHASE_STRIP = NO;
				DEBUG_INFORMATION_FORMAT = dwarf;
				ENABLE_STRICT_OBJC_MSGSEND = YES;
				ENABLE_TESTABILITY = YES;
				GCC_C_LANGUAGE_STANDARD = gnu11;
				GCC_DYNAMIC_NO_PIC = NO;
				GCC_NO_COMMON_BLOCKS = YES;
				GCC_OPTIMIZATION_LEVEL = 0;
				GCC_PREPROCESSOR_DEFINITIONS = (
					"DEBUG=1",
					"$(inherited)",
				);
				GCC_WARN_64_TO_32_BIT_CONVERSION = YES;
				GCC_WARN_ABOUT_RETURN_TYPE = YES_ERROR;
				GCC_WARN_UNDECLARED_SELECTOR = YES;
				GCC_WARN_UNINITIALIZED_AUTOS = YES_AGGRESSIVE;
				GCC_WARN_UNUSED_FUNCTION = YES;
				GCC_WARN_UNUSED_VARIABLE = YES;
				IPHONEOS_DEPLOYMENT_TARGET = 16.0;
				MTL_ENABLE_DEBUG_INFO = INCLUDE_SOURCE;
				MTL_FAST_MATH = YES;
				ONLY_ACTIVE_ARCH = YES;
				SDKROOT = iphoneos;
				SWIFT_ACTIVE_COMPILATION_CONDITIONS = DEBUG;
				SWIFT_OPTIMIZATION_LEVEL = "-Onone";
			};
			name = Debug;
		};
		ED1829AE2903C3AF00127CA4 /* Release */ = {
			isa = XCBuildConfiguration;
			buildSettings = {
				ALWAYS_SEARCH_USER_PATHS = NO;
				CLANG_ANALYZER_NONNULL = YES;
				CLANG_ANALYZER_NUMBER_OBJECT_CONVERSION = YES_AGGRESSIVE;
				CLANG_CXX_LANGUAGE_STANDARD = "gnu++20";
				CLANG_ENABLE_MODULES = YES;
				CLANG_ENABLE_OBJC_ARC = YES;
				CLANG_ENABLE_OBJC_WEAK = YES;
				CLANG_WARN_BLOCK_CAPTURE_AUTORELEASING = YES;
				CLANG_WARN_BOOL_CONVERSION = YES;
				CLANG_WARN_COMMA = YES;
				CLANG_WARN_CONSTANT_CONVERSION = YES;
				CLANG_WARN_DEPRECATED_OBJC_IMPLEMENTATIONS = YES;
				CLANG_WARN_DIRECT_OBJC_ISA_USAGE = YES_ERROR;
				CLANG_WARN_DOCUMENTATION_COMMENTS = YES;
				CLANG_WARN_EMPTY_BODY = YES;
				CLANG_WARN_ENUM_CONVERSION = YES;
				CLANG_WARN_INFINITE_RECURSION = YES;
				CLANG_WARN_INT_CONVERSION = YES;
				CLANG_WARN_NON_LITERAL_NULL_CONVERSION = YES;
				CLANG_WARN_OBJC_IMPLICIT_RETAIN_SELF = YES;
				CLANG_WARN_OBJC_LITERAL_CONVERSION = YES;
				CLANG_WARN_OBJC_ROOT_CLASS = YES_ERROR;
				CLANG_WARN_QUOTED_INCLUDE_IN_FRAMEWORK_HEADER = YES;
				CLANG_WARN_RANGE_LOOP_ANALYSIS = YES;
				CLANG_WARN_STRICT_PROTOTYPES = YES;
				CLANG_WARN_SUSPICIOUS_MOVE = YES;
				CLANG_WARN_UNGUARDED_AVAILABILITY = YES_AGGRESSIVE;
				CLANG_WARN_UNREACHABLE_CODE = YES;
				CLANG_WARN__DUPLICATE_METHOD_MATCH = YES;
				COPY_PHASE_STRIP = NO;
				DEBUG_INFORMATION_FORMAT = "dwarf-with-dsym";
				ENABLE_NS_ASSERTIONS = NO;
				ENABLE_STRICT_OBJC_MSGSEND = YES;
				GCC_C_LANGUAGE_STANDARD = gnu11;
				GCC_NO_COMMON_BLOCKS = YES;
				GCC_WARN_64_TO_32_BIT_CONVERSION = YES;
				GCC_WARN_ABOUT_RETURN_TYPE = YES_ERROR;
				GCC_WARN_UNDECLARED_SELECTOR = YES;
				GCC_WARN_UNINITIALIZED_AUTOS = YES_AGGRESSIVE;
				GCC_WARN_UNUSED_FUNCTION = YES;
				GCC_WARN_UNUSED_VARIABLE = YES;
				IPHONEOS_DEPLOYMENT_TARGET = 16.0;
				MTL_ENABLE_DEBUG_INFO = NO;
				MTL_FAST_MATH = YES;
				SDKROOT = iphoneos;
				SWIFT_COMPILATION_MODE = wholemodule;
				SWIFT_OPTIMIZATION_LEVEL = "-O";
				VALIDATE_PRODUCT = YES;
			};
			name = Release;
		};
		ED1829B02903C3AF00127CA4 /* Debug */ = {
			isa = XCBuildConfiguration;
			buildSettings = {
				ASSETCATALOG_COMPILER_APPICON_NAME = AppIcon;
				ASSETCATALOG_COMPILER_GLOBAL_ACCENT_COLOR_NAME = AccentColor;
				CODE_SIGN_STYLE = Automatic;
				CURRENT_PROJECT_VERSION = 1;
				EXCLUDED_ARCHS = "";
				GENERATE_INFOPLIST_FILE = YES;
				INFOPLIST_FILE = Ceksat/App/Info.plist;
				INFOPLIST_KEY_UIApplicationSupportsIndirectInputEvents = YES;
				INFOPLIST_KEY_UILaunchStoryboardName = LaunchScreen;
				INFOPLIST_KEY_UIMainStoryboardFile = Main;
				INFOPLIST_KEY_UISupportedInterfaceOrientations_iPad = "UIInterfaceOrientationPortrait UIInterfaceOrientationPortraitUpsideDown UIInterfaceOrientationLandscapeLeft UIInterfaceOrientationLandscapeRight";
				INFOPLIST_KEY_UISupportedInterfaceOrientations_iPhone = "UIInterfaceOrientationPortrait UIInterfaceOrientationLandscapeLeft UIInterfaceOrientationLandscapeRight";
				LD_RUNPATH_SEARCH_PATHS = (
					"$(inherited)",
					"@executable_path/Frameworks",
				);
				MARKETING_VERSION = 1.0;
				PRODUCT_BUNDLE_IDENTIFIER = com.pazaramaiosbootcamp.Ceksat;
				PRODUCT_NAME = "$(TARGET_NAME)";
				SWIFT_EMIT_LOC_STRINGS = YES;
				SWIFT_VERSION = 5.0;
				TARGETED_DEVICE_FAMILY = "1,2";
			};
			name = Debug;
		};
		ED1829B12903C3AF00127CA4 /* Release */ = {
			isa = XCBuildConfiguration;
			buildSettings = {
				ASSETCATALOG_COMPILER_APPICON_NAME = AppIcon;
				ASSETCATALOG_COMPILER_GLOBAL_ACCENT_COLOR_NAME = AccentColor;
				CODE_SIGN_STYLE = Automatic;
				CURRENT_PROJECT_VERSION = 1;
				EXCLUDED_ARCHS = "";
				GENERATE_INFOPLIST_FILE = YES;
				INFOPLIST_FILE = Ceksat/App/Info.plist;
				INFOPLIST_KEY_UIApplicationSupportsIndirectInputEvents = YES;
				INFOPLIST_KEY_UILaunchStoryboardName = LaunchScreen;
				INFOPLIST_KEY_UIMainStoryboardFile = Main;
				INFOPLIST_KEY_UISupportedInterfaceOrientations_iPad = "UIInterfaceOrientationPortrait UIInterfaceOrientationPortraitUpsideDown UIInterfaceOrientationLandscapeLeft UIInterfaceOrientationLandscapeRight";
				INFOPLIST_KEY_UISupportedInterfaceOrientations_iPhone = "UIInterfaceOrientationPortrait UIInterfaceOrientationLandscapeLeft UIInterfaceOrientationLandscapeRight";
				LD_RUNPATH_SEARCH_PATHS = (
					"$(inherited)",
					"@executable_path/Frameworks",
				);
				MARKETING_VERSION = 1.0;
				PRODUCT_BUNDLE_IDENTIFIER = com.pazaramaiosbootcamp.Ceksat;
				PRODUCT_NAME = "$(TARGET_NAME)";
				SWIFT_EMIT_LOC_STRINGS = YES;
				SWIFT_VERSION = 5.0;
				TARGETED_DEVICE_FAMILY = "1,2";
			};
			name = Release;
		};
		ED1829B32903C3AF00127CA4 /* Debug */ = {
			isa = XCBuildConfiguration;
			buildSettings = {
				ALWAYS_EMBED_SWIFT_STANDARD_LIBRARIES = YES;
				BUNDLE_LOADER = "$(TEST_HOST)";
				CODE_SIGN_STYLE = Automatic;
				CURRENT_PROJECT_VERSION = 1;
				GENERATE_INFOPLIST_FILE = YES;
				IPHONEOS_DEPLOYMENT_TARGET = 16.0;
				MARKETING_VERSION = 1.0;
				PRODUCT_BUNDLE_IDENTIFIER = com.pazaramaiosbootcamp.CeksatTests;
				PRODUCT_NAME = "$(TARGET_NAME)";
				SWIFT_EMIT_LOC_STRINGS = NO;
				SWIFT_VERSION = 5.0;
				TARGETED_DEVICE_FAMILY = "1,2";
				TEST_HOST = "$(BUILT_PRODUCTS_DIR)/Ceksat.app/$(BUNDLE_EXECUTABLE_FOLDER_PATH)/Ceksat";
			};
			name = Debug;
		};
		ED1829B42903C3AF00127CA4 /* Release */ = {
			isa = XCBuildConfiguration;
			buildSettings = {
				ALWAYS_EMBED_SWIFT_STANDARD_LIBRARIES = YES;
				BUNDLE_LOADER = "$(TEST_HOST)";
				CODE_SIGN_STYLE = Automatic;
				CURRENT_PROJECT_VERSION = 1;
				GENERATE_INFOPLIST_FILE = YES;
				IPHONEOS_DEPLOYMENT_TARGET = 16.0;
				MARKETING_VERSION = 1.0;
				PRODUCT_BUNDLE_IDENTIFIER = com.pazaramaiosbootcamp.CeksatTests;
				PRODUCT_NAME = "$(TARGET_NAME)";
				SWIFT_EMIT_LOC_STRINGS = NO;
				SWIFT_VERSION = 5.0;
				TARGETED_DEVICE_FAMILY = "1,2";
				TEST_HOST = "$(BUILT_PRODUCTS_DIR)/Ceksat.app/$(BUNDLE_EXECUTABLE_FOLDER_PATH)/Ceksat";
			};
			name = Release;
		};
		ED1829B62903C3AF00127CA4 /* Debug */ = {
			isa = XCBuildConfiguration;
			buildSettings = {
				ALWAYS_EMBED_SWIFT_STANDARD_LIBRARIES = YES;
				CODE_SIGN_STYLE = Automatic;
				CURRENT_PROJECT_VERSION = 1;
				GENERATE_INFOPLIST_FILE = YES;
				MARKETING_VERSION = 1.0;
				PRODUCT_BUNDLE_IDENTIFIER = com.pazaramaiosbootcamp.CeksatUITests;
				PRODUCT_NAME = "$(TARGET_NAME)";
				SWIFT_EMIT_LOC_STRINGS = NO;
				SWIFT_VERSION = 5.0;
				TARGETED_DEVICE_FAMILY = "1,2";
				TEST_TARGET_NAME = Ceksat;
			};
			name = Debug;
		};
		ED1829B72903C3AF00127CA4 /* Release */ = {
			isa = XCBuildConfiguration;
			buildSettings = {
				ALWAYS_EMBED_SWIFT_STANDARD_LIBRARIES = YES;
				CODE_SIGN_STYLE = Automatic;
				CURRENT_PROJECT_VERSION = 1;
				GENERATE_INFOPLIST_FILE = YES;
				MARKETING_VERSION = 1.0;
				PRODUCT_BUNDLE_IDENTIFIER = com.pazaramaiosbootcamp.CeksatUITests;
				PRODUCT_NAME = "$(TARGET_NAME)";
				SWIFT_EMIT_LOC_STRINGS = NO;
				SWIFT_VERSION = 5.0;
				TARGETED_DEVICE_FAMILY = "1,2";
				TEST_TARGET_NAME = Ceksat;
			};
			name = Release;
		};
/* End XCBuildConfiguration section */

/* Begin XCConfigurationList section */
		ED1829802903C3AE00127CA4 /* Build configuration list for PBXProject "Ceksat" */ = {
			isa = XCConfigurationList;
			buildConfigurations = (
				ED1829AD2903C3AF00127CA4 /* Debug */,
				ED1829AE2903C3AF00127CA4 /* Release */,
			);
			defaultConfigurationIsVisible = 0;
			defaultConfigurationName = Release;
		};
		ED1829AF2903C3AF00127CA4 /* Build configuration list for PBXNativeTarget "Ceksat" */ = {
			isa = XCConfigurationList;
			buildConfigurations = (
				ED1829B02903C3AF00127CA4 /* Debug */,
				ED1829B12903C3AF00127CA4 /* Release */,
			);
			defaultConfigurationIsVisible = 0;
			defaultConfigurationName = Release;
		};
		ED1829B22903C3AF00127CA4 /* Build configuration list for PBXNativeTarget "CeksatTests" */ = {
			isa = XCConfigurationList;
			buildConfigurations = (
				ED1829B32903C3AF00127CA4 /* Debug */,
				ED1829B42903C3AF00127CA4 /* Release */,
			);
			defaultConfigurationIsVisible = 0;
			defaultConfigurationName = Release;
		};
		ED1829B52903C3AF00127CA4 /* Build configuration list for PBXNativeTarget "CeksatUITests" */ = {
			isa = XCConfigurationList;
			buildConfigurations = (
				ED1829B62903C3AF00127CA4 /* Debug */,
				ED1829B72903C3AF00127CA4 /* Release */,
			);
			defaultConfigurationIsVisible = 0;
			defaultConfigurationName = Release;
		};
/* End XCConfigurationList section */

/* Begin XCRemoteSwiftPackageReference section */
		ED4576432903FE3D00ED4E61 /* XCRemoteSwiftPackageReference "SnapKit" */ = {
			isa = XCRemoteSwiftPackageReference;
			repositoryURL = "https://github.com/SnapKit/SnapKit.git";
			requirement = {
				kind = upToNextMajorVersion;
				minimumVersion = 5.0.0;
			};
		};
		EDD95D2229051F8B00308FA4 /* XCRemoteSwiftPackageReference "IQKeyboardManager" */ = {
			isa = XCRemoteSwiftPackageReference;
			repositoryURL = "https://github.com/hackiftekhar/IQKeyboardManager.git";
			requirement = {
				kind = versionRange;
				maximumVersion = 7.0.0;
				minimumVersion = 6.0.0;
			};
		};
		EDD95D252905317B00308FA4 /* XCRemoteSwiftPackageReference "realm-swift" */ = {
			isa = XCRemoteSwiftPackageReference;
			repositoryURL = "https://github.com/realm/realm-swift.git";
			requirement = {
				kind = versionRange;
				maximumVersion = 11.0.0;
				minimumVersion = 10.0.0;
			};
		};
/* End XCRemoteSwiftPackageReference section */

/* Begin XCSwiftPackageProductDependency section */
		ED4576442903FE3E00ED4E61 /* SnapKit */ = {
			isa = XCSwiftPackageProductDependency;
			package = ED4576432903FE3D00ED4E61 /* XCRemoteSwiftPackageReference "SnapKit" */;
			productName = SnapKit;
		};
		EDD95D2329051F8B00308FA4 /* IQKeyboardManagerSwift */ = {
			isa = XCSwiftPackageProductDependency;
			package = EDD95D2229051F8B00308FA4 /* XCRemoteSwiftPackageReference "IQKeyboardManager" */;
			productName = IQKeyboardManagerSwift;
		};
		EDD95D262905317B00308FA4 /* RealmSwift */ = {
			isa = XCSwiftPackageProductDependency;
			package = EDD95D252905317B00308FA4 /* XCRemoteSwiftPackageReference "realm-swift" */;
			productName = RealmSwift;
		};
/* End XCSwiftPackageProductDependency section */
	};
	rootObject = ED18297D2903C3AE00127CA4 /* Project object */;
}
